# This file is autogenerated, do not edit; changes may be undone by the next 'dep ensure'.


[[projects]]
  name = "gopkg.in/h2non/gock.v1"
  packages = ["."]
  revision = "84d599244901620fb3eb96473eb9e50619f69b47"
  version = "v1.0.6"

[solve-meta]
  analyzer-name = "dep"
  analyzer-version = 1
  inputs-digest = "d17d563b9a6c514e40b8fdc4e24c68a9cc1369f57369281362a333a5fcac4d81"
  solver-name = "gps-cdcl"
  solver-version = 1
